
Microsoft Visual Studio Solution File, Format Version 12.00
# Visual Studio Version 17
VisualStudioVersion = 17.13.35825.156 d17.13
MinimumVisualStudioVersion = 10.0.40219.1
Project("{FAE04EC0-301F-11D3-BF4B-00C04F79EFBC}") = "ScharpExercises", "ScharpExercises.csproj", "{54AD0F47-EE15-45EE-A3F6-07C830E5EC61}"
EndProject
Global
	GlobalSection(SolutionConfigurationPlatforms) = preSolution
		Debug|Any CPU = Debug|Any CPU
		Release|Any CPU = Release|Any CPU
	EndGlobalSection
	GlobalSection(ProjectConfigurationPlatforms) = postSolution
		{54AD0F47-EE15-45EE-A3F6-07C830E5EC61}.Debug|Any CPU.ActiveCfg = Debug|Any CPU
		{54AD0F47-EE15-45EE-A3F6-07C830E5EC61}.Debug|Any CPU.Build.0 = Debug|Any CPU
		{54AD0F47-EE15-45EE-A3F6-07C830E5EC61}.Release|Any CPU.ActiveCfg = Release|Any CPU
		{54AD0F47-EE15-45EE-A3F6-07C830E5EC61}.Release|Any CPU.Build.0 = Release|Any CPU
	EndGlobalSection
	GlobalSection(SolutionProperties) = preSolution
		HideSolutionNode = FALSE
	EndGlobalSection
	GlobalSection(ExtensibilityGlobals) = postSolution
		SolutionGuid = {31445897-92F2-4BC6-9154-EAB8096DF20E}
	EndGlobalSection
EndGlobal
